
Microsoft Visual Studio Solution File, Format Version 12.00
# Visual Studio 2013
VisualStudioVersion = 12.0.21005.1
MinimumVisualStudioVersion = 10.0.40219.1
Project("{FAE04EC0-301F-11D3-BF4B-00C04F79EFBC}") = "WY.Tasks.Api", "WY.Tasks.Api\WY.Tasks.Api.csproj", "{816A7761-1157-4028-AB5C-437870D69EC1}"
EndProject
Project("{FAE04EC0-301F-11D3-BF4B-00C04F79EFBC}") = "WY.Tasks.Plugin.Combine", "WY.Tasks.Plugin.Combine\WY.Tasks.Plugin.Combine.csproj", "{E3D2BB24-932A-418A-B8E1-206CCF6574A2}"
EndProject
Project("{FAE04EC0-301F-11D3-BF4B-00C04F79EFBC}") = "WY.Tasks", "WY.Tasks\WY.Tasks.csproj", "{D316E933-63F8-4F6E-B493-F602E377215E}"
EndProject
Project("{FAE04EC0-301F-11D3-BF4B-00C04F79EFBC}") = "WY.Tasks.Core", "WY.Tasks.Core\WY.Tasks.Core.csproj", "{7D913F75-A6CF-4275-A5B0-9F94570E65A1}"
EndProject
Project("{FAE04EC0-301F-11D3-BF4B-00C04F79EFBC}") = "Test", "Test\Test.csproj", "{9986F6BF-2715-45F3-B1BF-895FF87E59AA}"
EndProject
Global
	GlobalSection(TeamFoundationVersionControl) = preSolution
		SccNumberOfProjects = 6
		SccEnterpriseProvider = {4CA58AB2-18FA-4F8D-95D4-32DDF27D184C}
		SccTeamFoundationServer = https://wy.visualstudio.com/defaultcollection
		SccLocalPath0 = .
		SccProjectUniqueName1 = WY.Tasks.Api\\WY.Tasks.Api.csproj
		SccProjectName1 = WY.Tasks.Api
		SccLocalPath1 = WY.Tasks.Api
		SccProjectUniqueName2 = WY.Tasks.Plugin.Combine\\WY.Tasks.Plugin.Combine.csproj
		SccProjectName2 = WY.Tasks.Plugin.Combine
		SccLocalPath2 = WY.Tasks.Plugin.Combine
		SccProjectUniqueName3 = WY.Tasks\\WY.Tasks.csproj
		SccProjectName3 = WY.Tasks
		SccLocalPath3 = WY.Tasks
		SccProjectUniqueName4 = WY.Tasks.Core\\WY.Tasks.Core.csproj
		SccProjectName4 = WY.Tasks.Core
		SccLocalPath4 = WY.Tasks.Core
		SccProjectUniqueName5 = Test\\Test.csproj
		SccProjectName5 = Test
		SccLocalPath5 = Test
	EndGlobalSection
	GlobalSection(SolutionConfigurationPlatforms) = preSolution
		Debug|Any CPU = Debug|Any CPU
		Release|Any CPU = Release|Any CPU
	EndGlobalSection
	GlobalSection(ProjectConfigurationPlatforms) = postSolution
		{816A7761-1157-4028-AB5C-437870D69EC1}.Debug|Any CPU.ActiveCfg = Debug|Any CPU
		{816A7761-1157-4028-AB5C-437870D69EC1}.Debug|Any CPU.Build.0 = Debug|Any CPU
		{816A7761-1157-4028-AB5C-437870D69EC1}.Release|Any CPU.ActiveCfg = Release|Any CPU
		{816A7761-1157-4028-AB5C-437870D69EC1}.Release|Any CPU.Build.0 = Release|Any CPU
		{E3D2BB24-932A-418A-B8E1-206CCF6574A2}.Debug|Any CPU.ActiveCfg = Debug|Any CPU
		{E3D2BB24-932A-418A-B8E1-206CCF6574A2}.Debug|Any CPU.Build.0 = Debug|Any CPU
		{E3D2BB24-932A-418A-B8E1-206CCF6574A2}.Release|Any CPU.ActiveCfg = Release|Any CPU
		{E3D2BB24-932A-418A-B8E1-206CCF6574A2}.Release|Any CPU.Build.0 = Release|Any CPU
		{D316E933-63F8-4F6E-B493-F602E377215E}.Debug|Any CPU.ActiveCfg = Debug|Any CPU
		{D316E933-63F8-4F6E-B493-F602E377215E}.Debug|Any CPU.Build.0 = Debug|Any CPU
		{D316E933-63F8-4F6E-B493-F602E377215E}.Release|Any CPU.ActiveCfg = Release|Any CPU
		{D316E933-63F8-4F6E-B493-F602E377215E}.Release|Any CPU.Build.0 = Release|Any CPU
		{7D913F75-A6CF-4275-A5B0-9F94570E65A1}.Debug|Any CPU.ActiveCfg = Debug|Any CPU
		{7D913F75-A6CF-4275-A5B0-9F94570E65A1}.Debug|Any CPU.Build.0 = Debug|Any CPU
		{7D913F75-A6CF-4275-A5B0-9F94570E65A1}.Release|Any CPU.ActiveCfg = Release|Any CPU
		{7D913F75-A6CF-4275-A5B0-9F94570E65A1}.Release|Any CPU.Build.0 = Release|Any CPU
		{9986F6BF-2715-45F3-B1BF-895FF87E59AA}.Debug|Any CPU.ActiveCfg = Debug|Any CPU
		{9986F6BF-2715-45F3-B1BF-895FF87E59AA}.Debug|Any CPU.Build.0 = Debug|Any CPU
		{9986F6BF-2715-45F3-B1BF-895FF87E59AA}.Release|Any CPU.ActiveCfg = Release|Any CPU
		{9986F6BF-2715-45F3-B1BF-895FF87E59AA}.Release|Any CPU.Build.0 = Release|Any CPU
	EndGlobalSection
	GlobalSection(SolutionProperties) = preSolution
		HideSolutionNode = FALSE
	EndGlobalSection
EndGlobal
